// !$*UTF8*$!
{
	archiveVersion = 1;
	classes = {
	};
	objectVersion = 46;
	objects = {

/* Begin PBXBuildFile section */
		174B1B1E1DBCC10D00B2BE74 /* AppDelegate.swift in Sources */ = {isa = PBXBuildFile; fileRef = 174B1B1D1DBCC10D00B2BE74 /* AppDelegate.swift */; };
		174B1B201DBCC10D00B2BE74 /* ViewController.swift in Sources */ = {isa = PBXBuildFile; fileRef = 174B1B1F1DBCC10D00B2BE74 /* ViewController.swift */; };
		174B1B231DBCC10D00B2BE74 /* Main.storyboard in Resources */ = {isa = PBXBuildFile; fileRef = 174B1B211DBCC10D00B2BE74 /* Main.storyboard */; };
		174B1B251DBCC10D00B2BE74 /* Assets.xcassets in Resources */ = {isa = PBXBuildFile; fileRef = 174B1B241DBCC10D00B2BE74 /* Assets.xcassets */; };
		174B1B281DBCC10D00B2BE74 /* LaunchScreen.storyboard in Resources */ = {isa = PBXBuildFile; fileRef = 174B1B261DBCC10D00B2BE74 /* LaunchScreen.storyboard */; };
		179167B61DBCC6A600940034 /* ImageCell.swift in Sources */ = {isa = PBXBuildFile; fileRef = 179167B51DBCC6A600940034 /* ImageCell.swift */; };
/* End PBXBuildFile section */

/* Begin PBXFileReference section */
		174B1B1A1DBCC10D00B2BE74 /* ParallaxDemo.app */ = {isa = PBXFileReference; explicitFileType = wrapper.application; includeInIndex = 0; path = ParallaxDemo.app; sourceTree = BUILT_PRODUCTS_DIR; };
		174B1B1D1DBCC10D00B2BE74 /* AppDelegate.swift */ = {isa = PBXFileReference; lastKnownFileType = sourcecode.swift; path = AppDelegate.swift; sourceTree = "<group>"; };
		174B1B1F1DBCC10D00B2BE74 /* ViewController.swift */ = {isa = PBXFileReference; lastKnownFileType = sourcecode.swift; path = ViewController.swift; sourceTree = "<group>"; };
		174B1B221DBCC10D00B2BE74 /* Base */ = {isa = PBXFileReference; lastKnownFileType = file.storyboard; name = Base; path = Base.lproj/Main.storyboard; sourceTree = "<group>"; };
		174B1B241DBCC10D00B2BE74 /* Assets.xcassets */ = {isa = PBXFileReference; lastKnownFileType = folder.assetcatalog; path = Assets.xcassets; sourceTree = "<group>"; };
		174B1B271DBCC10D00B2BE74 /* Base */ = {isa = PBXFileReference; lastKnownFileType = file.storyboard; name = Base; path = Base.lproj/LaunchScreen.storyboard; sourceTree = "<group>"; };
		174B1B291DBCC10D00B2BE74 /* Info.plist */ = {isa = PBXFileReference; lastKnownFileType = text.plist.xml; path = Info.plist; sourceTree = "<group>"; };
		179167B51DBCC6A600940034 /* ImageCell.swift */ = {isa = PBXFileReference; fileEncoding = 4; lastKnownFileType = sourcecode.swift; path = ImageCell.swift; sourceTree = "<group>"; };
/* End PBXFileReference section */

/* Begin PBXFrameworksBuildPhase section */
		174B1B171DBCC10D00B2BE74 /* Frameworks */ = {
			isa = PBXFrameworksBuildPhase;
			buildActionMask = 2147483647;
			files = (
			);
			runOnlyForDeploymentPostprocessing = 0;
		};
/* End PBXFrameworksBuildPhase section */

/* Begin PBXGroup section */
		174B1B111DBCC10D00B2BE74 = {
			isa = PBXGroup;
			children = (
				174B1B1C1DBCC10D00B2BE74 /* ParallaxDemo */,
				174B1B1B1DBCC10D00B2BE74 /* Products */,
			);
			sourceTree = "<group>";
		};
		174B1B1B1DBCC10D00B2BE74 /* Products */ = {
			isa = PBXGroup;
			children = (
				174B1B1A1DBCC10D00B2BE74 /* ParallaxDemo.app */,
			);
			name = Products;
			sourceTree = "<group>";
		};
		174B1B1C1DBCC10D00B2BE74 /* ParallaxDemo */ = {
			isa = PBXGroup;
			children = (
				174B1B1D1DBCC10D00B2BE74 /* AppDelegate.swift */,
				174B1B1F1DBCC10D00B2BE74 /* ViewController.swift */,
				174B1B211DBCC10D00B2BE74 /* Main.storyboard */,
				179167B51DBCC6A600940034 /* ImageCell.swift */,
				174B1B241DBCC10D00B2BE74 /* Assets.xcassets */,
				174B1B261DBCC10D00B2BE74 /* LaunchScreen.storyboard */,
				174B1B291DBCC10D00B2BE74 /* Info.plist */,
			);
			path = ParallaxDemo;
			sourceTree = "<group>";
		};
/* End PBXGroup section */

/* Begin PBXNativeTarget section */
		174B1B191DBCC10D00B2BE74 /* ParallaxDemo */ = {
			isa = PBXNativeTarget;
			buildConfigurationList = 174B1B2C1DBCC10D00B2BE74 /* Build configuration list for PBXNativeTarget "ParallaxDemo" */;
			buildPhases = (
				174B1B161DBCC10D00B2BE74 /* Sources */,
				174B1B171DBCC10D00B2BE74 /* Frameworks */,
				174B1B181DBCC10D00B2BE74 /* Resources */,
			);
			buildRules = (
			);
			dependencies = (
			);
			name = ParallaxDemo;
			productName = ParallaxDemo;
			productReference = 174B1B1A1DBCC10D00B2BE74 /* ParallaxDemo.app */;
			productType = "com.apple.product-type.application";
		};
/* End PBXNativeTarget section */

/* Begin PBXProject section */
		174B1B121DBCC10D00B2BE74 /* Project object */ = {
			isa = PBXProject;
			attributes = {
				LastSwiftUpdateCheck = 0800;
				LastUpgradeCheck = 0800;
				ORGANIZATIONNAME = "Yogie Putra";
				TargetAttributes = {
					174B1B191DBCC10D00B2BE74 = {
						CreatedOnToolsVersion = 8.0;
						DevelopmentTeam = GK9Y45CYBV;
						ProvisioningStyle = Automatic;
					};
				};
			};
			buildConfigurationList = 174B1B151DBCC10D00B2BE74 /* Build configuration list for PBXProject "ParallaxDemo" */;
			compatibilityVersion = "Xcode 3.2";
			developmentRegion = English;
			hasScannedForEncodings = 0;
			knownRegions = (
				en,
				Base,
			);
			mainGroup = 174B1B111DBCC10D00B2BE74;
			productRefGroup = 174B1B1B1DBCC10D00B2BE74 /* Products */;
			projectDirPath = "";
			projectRoot = "";
			targets = (
				174B1B191DBCC10D00B2BE74 /* ParallaxDemo */,
			);
		};
/* End PBXProject section */

/* Begin PBXResourcesBuildPhase section */
		174B1B181DBCC10D00B2BE74 /* Resources */ = {
			isa = PBXResourcesBuildPhase;
			buildActionMask = 2147483647;
			files = (
				174B1B281DBCC10D00B2BE74 /* LaunchScreen.storyboard in Resources */,
				174B1B251DBCC10D00B2BE74 /* Assets.xcassets in Resources */,
				174B1B231DBCC10D00B2BE74 /* Main.storyboard in Resources */,
			);
			runOnlyForDeploymentPostprocessing = 0;
		};
/* End PBXResourcesBuildPhase section */

/* Begin PBXSourcesBuildPhase section */
		174B1B161DBCC10D00B2BE74 /* Sources */ = {
			isa = PBXSourcesBuildPhase;
			buildActionMask = 2147483647;
			files = (
				174B1B201DBCC10D00B2BE74 /* ViewController.swift in Sources */,
				174B1B1E1DBCC10D00B2BE74 /* AppDelegate.swift in Sources */,
				179167B61DBCC6A600940034 /* ImageCell.swift in Sources */,
			);
			runOnlyForDeploymentPostprocessing = 0;
		};
/* End PBXSourcesBuildPhase section */

/* Begin PBXVariantGroup section */
		174B1B211DBCC10D00B2BE74 /* Main.storyboard */ = {
			isa = PBXVariantGroup;
			children = (
				174B1B221DBCC10D00B2BE74 /* Base */,
			);
			name = Main.storyboard;
			sourceTree = "<group>";
		};
		174B1B261DBCC10D00B2BE74 /* LaunchScreen.storyboard */ = {
			isa = PBXVariantGroup;
			children = (
				174B1B271DBCC10D00B2BE74 /* Base */,
			);
			name = LaunchScreen.storyboard;
			sourceTree = "<group>";
		};
/* End PBXVariantGroup section */

/* Begin XCBuildConfiguration section */
		174B1B2A1DBCC10D00B2BE74 /* Debug */ = {
			isa = XCBuildConfiguration;
			buildSettings = {
				ALWAYS_SEARCH_USER_PATHS = NO;
				CLANG_ANALYZER_NONNULL = YES;
				CLANG_CXX_LANGUAGE_STANDARD = "gnu++0x";
				CLANG_CXX_LIBRARY = "libc++";
				CLANG_ENABLE_MODULES = YES;
				CLANG_ENABLE_OBJC_ARC = YES;
				CLANG_WARN_BOOL_CONVERSION = YES;
				CLANG_WARN_CONSTANT_CONVERSION = YES;
				CLANG_WARN_DIRECT_OBJC_ISA_USAGE = YES_ERROR;
				CLANG_WARN_DOCUMENTATION_COMMENTS = YES;
				CLANG_WARN_EMPTY_BODY = YES;
				CLANG_WARN_ENUM_CONVERSION = YES;
				CLANG_WARN_INFINITE_RECURSION = YES;
				CLANG_WARN_INT_CONVERSION = YES;
				CLANG_WARN_OBJC_ROOT_CLASS = YES_ERROR;
				CLANG_WARN_SUSPICIOUS_MOVES = YES;
				CLANG_WARN_UNREACHABLE_CODE = YES;
				CLANG_WARN__DUPLICATE_METHOD_MATCH = YES;
				"CODE_SIGN_IDENTITY[sdk=iphoneos*]" = "iPhone Developer";
				COPY_PHASE_STRIP = NO;
				DEBUG_INFORMATION_FORMAT = dwarf;
				ENABLE_STRICT_OBJC_MSGSEND = YES;
				ENABLE_TESTABILITY = YES;
				GCC_C_LANGUAGE_STANDARD = gnu99;
				GCC_DYNAMIC_NO_PIC = NO;
				GCC_NO_COMMON_BLOCKS = YES;
				GCC_OPTIMIZATION_LEVEL = 0;
				GCC_PREPROCESSOR_DEFINITIONS = (
					"DEBUG=1",
					"$(inherited)",
				);
				GCC_WARN_64_TO_32_BIT_CONVERSION = YES;
				GCC_WARN_ABOUT_RETURN_TYPE = YES_ERROR;
				GCC_WARN_UNDECLARED_SELECTOR = YES;
				GCC_WARN_UNINITIALIZED_AUTOS = YES_AGGRESSIVE;
				GCC_WARN_UNUSED_FUNCTION = YES;
				GCC_WARN_UNUSED_VARIABLE = YES;
				IPHONEOS_DEPLOYMENT_TARGET = 10.0;
				MTL_ENABLE_DEBUG_INFO = YES;
				ONLY_ACTIVE_ARCH = YES;
				SDKROOT = iphoneos;
				SWIFT_ACTIVE_COMPILATION_CONDITIONS = DEBUG;
				SWIFT_OPTIMIZATION_LEVEL = "-Onone";
			};
			name = Debug;
		};
		174B1B2B1DBCC10D00B2BE74 /* Release */ = {
			isa = XCBuildConfiguration;
			buildSettings = {
				ALWAYS_SEARCH_USER_PATHS = NO;
				CLANG_ANALYZER_NONNULL = YES;
				CLANG_CXX_LANGUAGE_STANDARD = "gnu++0x";
				CLANG_CXX_LIBRARY = "libc++";
				CLANG_ENABLE_MODULES = YES;
				CLANG_ENABLE_OBJC_ARC = YES;
				CLANG_WARN_BOOL_CONVERSION = YES;
				CLANG_WARN_CONSTANT_CONVERSION = YES;
				CLANG_WARN_DIRECT_OBJC_ISA_USAGE = YES_ERROR;
				CLANG_WARN_DOCUMENTATION_COMMENTS = YES;
				CLANG_WARN_EMPTY_BODY = YES;
				CLANG_WARN_ENUM_CONVERSION = YES;
				CLANG_WARN_INFINITE_RECURSION = YES;
				CLANG_WARN_INT_CONVERSION = YES;
				CLANG_WARN_OBJC_ROOT_CLASS = YES_ERROR;
				CLANG_WARN_SUSPICIOUS_MOVES = YES;
				CLANG_WARN_UNREACHABLE_CODE = YES;
				CLANG_WARN__DUPLICATE_METHOD_MATCH = YES;
				"CODE_SIGN_IDENTITY[sdk=iphoneos*]" = "iPhone Developer";
				COPY_PHASE_STRIP = NO;
				DEBUG_INFORMATION_FORMAT = "dwarf-with-dsym";
				ENABLE_NS_ASSERTIONS = NO;
				ENABLE_STRICT_OBJC_MSGSEND = YES;
				GCC_C_LANGUAGE_STANDARD = gnu99;
				GCC_NO_COMMON_BLOCKS = YES;
				GCC_WARN_64_TO_32_BIT_CONVERSION = YES;
				GCC_WARN_ABOUT_RETURN_TYPE = YES_ERROR;
				GCC_WARN_UNDECLARED_SELECTOR = YES;
				GCC_WARN_UNINITIALIZED_AUTOS = YES_AGGRESSIVE;
				GCC_WARN_UNUSED_FUNCTION = YES;
				GCC_WARN_UNUSED_VARIABLE = YES;
				IPHONEOS_DEPLOYMENT_TARGET = 10.0;
				MTL_ENABLE_DEBUG_INFO = NO;
				SDKROOT = iphoneos;
				SWIFT_OPTIMIZATION_LEVEL = "-Owholemodule";
				VALIDATE_PRODUCT = YES;
			};
			name = Release;
		};
		174B1B2D1DBCC10D00B2BE74 /* Debug */ = {
			isa = XCBuildConfiguration;
			buildSettings = {
				ASSETCATALOG_COMPILER_APPICON_NAME = AppIcon;
				DEVELOPMENT_TEAM = GK9Y45CYBV;
				INFOPLIST_FILE = ParallaxDemo/Info.plist;
				LD_RUNPATH_SEARCH_PATHS = "$(inherited) @executable_path/Frameworks";
				PRODUCT_BUNDLE_IDENTIFIER = com.yogiesputra.ParallaxDemo;
				PRODUCT_NAME = "$(TARGET_NAME)";
				SWIFT_VERSION = 3.0;
			};
			name = Debug;
		};
		174B1B2E1DBCC10D00B2BE74 /* Release */ = {
			isa = XCBuildConfiguration;
			buildSettings = {
				ASSETCATALOG_COMPILER_APPICON_NAME = AppIcon;
				DEVELOPMENT_TEAM = GK9Y45CYBV;
				INFOPLIST_FILE = ParallaxDemo/Info.plist;
				LD_RUNPATH_SEARCH_PATHS = "$(inherited) @executable_path/Frameworks";
				PRODUCT_BUNDLE_IDENTIFIER = com.yogiesputra.ParallaxDemo;
				PRODUCT_NAME = "$(TARGET_NAME)";
				SWIFT_VERSION = 3.0;
			};
			name = Release;
		};
/* End XCBuildConfiguration section */

/* Begin XCConfigurationList section */
		174B1B151DBCC10D00B2BE74 /* Build configuration list for PBXProject "ParallaxDemo" */ = {
			isa = XCConfigurationList;
			buildConfigurations = (
				174B1B2A1DBCC10D00B2BE74 /* Debug */,
				174B1B2B1DBCC10D00B2BE74 /* Release */,
			);
			defaultConfigurationIsVisible = 0;
			defaultConfigurationName = Release;
		};
		174B1B2C1DBCC10D00B2BE74 /* Build configuration list for PBXNativeTarget "ParallaxDemo" */ = {
			isa = XCConfigurationList;
			buildConfigurations = (
				174B1B2D1DBCC10D00B2BE74 /* Debug */,
				174B1B2E1DBCC10D00B2BE74 /* Release */,
			);
			defaultConfigurationIsVisible = 0;
			defaultConfigurationName = Release;
		};
/* End XCConfigurationList section */
	};
	rootObject = 174B1B121DBCC10D00B2BE74 /* Project object */;
}
